PODS:
  - Flutter (1.0.0)
  - flutter_gettext (0.0.1):
    - Flutter

DEPENDENCIES:
  - Flutter (from `Flutter`)
  - flutter_gettext (from `.symlinks/plugins/flutter_gettext/ios`)

EXTERNAL SOURCES:
  Flutter:
    :path: Flutter
  flutter_gettext:
    :path: ".symlinks/plugins/flutter_gettext/ios"

SPEC CHECKSUMS:
  Flutter: f04841e97a9d0b0a8025694d0796dd46242b2854
  flutter_gettext: 41fbd5f57fd04d8e63de13b6d5972706db1d13ad

PODFILE CHECKSUM: 70d9d25280d0dd177a5f637cdb0f0b0b12c6a189

COCOAPODS: 1.12.0
